
Microsoft Visual Studio Solution File, Format Version 12.00
# Visual Studio Version 17
VisualStudioVersion = 17.3.32929.385
MinimumVisualStudioVersion = 10.0.40219.1
Project("{9A19103F-16F7-4668-BE54-9A1E7A4F7556}") = "AdventOfCode2022", "AdventOfCode2022\AdventOfCode2022.csproj", "{2BB7F6B6-6AFD-44A4-853B-89F47DD61A19}"
EndProject
Project("{FAE04EC0-301F-11D3-BF4B-00C04F79EFBC}") = "AdventOfCode2022.Tests", "AdventOfCode2022.Tests\AdventOfCode2022.Tests.csproj", "{3EDFE690-E8AD-4222-8978-80080E272516}"
EndProject
Global
	GlobalSection(SolutionConfigurationPlatforms) = preSolution
		Debug|Any CPU = Debug|Any CPU
		Release|Any CPU = Release|Any CPU
	EndGlobalSection
	GlobalSection(ProjectConfigurationPlatforms) = postSolution
		{2BB7F6B6-6AFD-44A4-853B-89F47DD61A19}.Debug|Any CPU.ActiveCfg = Debug|Any CPU
		{2BB7F6B6-6AFD-44A4-853B-89F47DD61A19}.Debug|Any CPU.Build.0 = Debug|Any CPU
		{2BB7F6B6-6AFD-44A4-853B-89F47DD61A19}.Release|Any CPU.ActiveCfg = Release|Any CPU
		{2BB7F6B6-6AFD-44A4-853B-89F47DD61A19}.Release|Any CPU.Build.0 = Release|Any CPU
		{3EDFE690-E8AD-4222-8978-80080E272516}.Debug|Any CPU.ActiveCfg = Debug|Any CPU
		{3EDFE690-E8AD-4222-8978-80080E272516}.Debug|Any CPU.Build.0 = Debug|Any CPU
		{3EDFE690-E8AD-4222-8978-80080E272516}.Release|Any CPU.ActiveCfg = Release|Any CPU
		{3EDFE690-E8AD-4222-8978-80080E272516}.Release|Any CPU.Build.0 = Release|Any CPU
	EndGlobalSection
	GlobalSection(SolutionProperties) = preSolution
		HideSolutionNode = FALSE
	EndGlobalSection
	GlobalSection(ExtensibilityGlobals) = postSolution
		SolutionGuid = {7F578C9F-1BC3-4FDB-82B3-743532CBCE1F}
	EndGlobalSection
EndGlobal
